// !$*UTF8*$!
{
	archiveVersion = 1;
	classes = {
	};
	objectVersion = 46;
	objects = {

/* Begin PBXBuildFile section */
		F142512F1EC6A79E00480FAA /* AppDelegate.swift in Sources */ = {isa = PBXBuildFile; fileRef = F142512E1EC6A79E00480FAA /* AppDelegate.swift */; };
		F14251311EC6A79E00480FAA /* ViewController.swift in Sources */ = {isa = PBXBuildFile; fileRef = F14251301EC6A79E00480FAA /* ViewController.swift */; };
		F14251341EC6A79E00480FAA /* Main.storyboard in Resources */ = {isa = PBXBuildFile; fileRef = F14251321EC6A79E00480FAA /* Main.storyboard */; };
		F14251361EC6A79E00480FAA /* Assets.xcassets in Resources */ = {isa = PBXBuildFile; fileRef = F14251351EC6A79E00480FAA /* Assets.xcassets */; };
		F14251391EC6A79E00480FAA /* LaunchScreen.storyboard in Resources */ = {isa = PBXBuildFile; fileRef = F14251371EC6A79E00480FAA /* LaunchScreen.storyboard */; };
/* End PBXBuildFile section */

/* Begin PBXFileReference section */
		F142512B1EC6A79E00480FAA /* my janken.app */ = {isa = PBXFileReference; explicitFileType = wrapper.application; includeInIndex = 0; path = "my janken.app"; sourceTree = BUILT_PRODUCTS_DIR; };
		F142512E1EC6A79E00480FAA /* AppDelegate.swift */ = {isa = PBXFileReference; lastKnownFileType = sourcecode.swift; path = AppDelegate.swift; sourceTree = "<group>"; };
		F14251301EC6A79E00480FAA /* ViewController.swift */ = {isa = PBXFileReference; lastKnownFileType = sourcecode.swift; path = ViewController.swift; sourceTree = "<group>"; };
		F14251331EC6A79E00480FAA /* Base */ = {isa = PBXFileReference; lastKnownFileType = file.storyboard; name = Base; path = Base.lproj/Main.storyboard; sourceTree = "<group>"; };
		F14251351EC6A79E00480FAA /* Assets.xcassets */ = {isa = PBXFileReference; lastKnownFileType = folder.assetcatalog; path = Assets.xcassets; sourceTree = "<group>"; };
		F14251381EC6A79E00480FAA /* Base */ = {isa = PBXFileReference; lastKnownFileType = file.storyboard; name = Base; path = Base.lproj/LaunchScreen.storyboard; sourceTree = "<group>"; };
		F142513A1EC6A79E00480FAA /* Info.plist */ = {isa = PBXFileReference; lastKnownFileType = text.plist.xml; path = Info.plist; sourceTree = "<group>"; };
/* End PBXFileReference section */

/* Begin PBXFrameworksBuildPhase section */
		F14251281EC6A79D00480FAA /* Frameworks */ = {
			isa = PBXFrameworksBuildPhase;
			buildActionMask = 2147483647;
			files = (
			);
			runOnlyForDeploymentPostprocessing = 0;
		};
/* End PBXFrameworksBuildPhase section */

/* Begin PBXGroup section */
		F14251221EC6A79D00480FAA = {
			isa = PBXGroup;
			children = (
				F142512D1EC6A79E00480FAA /* my janken */,
				F142512C1EC6A79E00480FAA /* Products */,
			);
			sourceTree = "<group>";
		};
		F142512C1EC6A79E00480FAA /* Products */ = {
			isa = PBXGroup;
			children = (
				F142512B1EC6A79E00480FAA /* my janken.app */,
			);
			name = Products;
			sourceTree = "<group>";
		};
		F142512D1EC6A79E00480FAA /* my janken */ = {
			isa = PBXGroup;
			children = (
				F142512E1EC6A79E00480FAA /* AppDelegate.swift */,
				F14251301EC6A79E00480FAA /* ViewController.swift */,
				F14251321EC6A79E00480FAA /* Main.storyboard */,
				F14251351EC6A79E00480FAA /* Assets.xcassets */,
				F14251371EC6A79E00480FAA /* LaunchScreen.storyboard */,
				F142513A1EC6A79E00480FAA /* Info.plist */,
			);
			path = "my janken";
			sourceTree = "<group>";
		};
/* End PBXGroup section */

/* Begin PBXNativeTarget section */
		F142512A1EC6A79D00480FAA /* my janken */ = {
			isa = PBXNativeTarget;
			buildConfigurationList = F142513D1EC6A79E00480FAA /* Build configuration list for PBXNativeTarget "my janken" */;
			buildPhases = (
				F14251271EC6A79D00480FAA /* Sources */,
				F14251281EC6A79D00480FAA /* Frameworks */,
				F14251291EC6A79D00480FAA /* Resources */,
			);
			buildRules = (
			);
			dependencies = (
			);
			name = "my janken";
			productName = "my janken";
			productReference = F142512B1EC6A79E00480FAA /* my janken.app */;
			productType = "com.apple.product-type.application";
		};
/* End PBXNativeTarget section */

/* Begin PBXProject section */
		F14251231EC6A79D00480FAA /* Project object */ = {
			isa = PBXProject;
			attributes = {
				LastSwiftUpdateCheck = 0830;
				LastUpgradeCheck = 0830;
				ORGANIZATIONNAME = "田村一行";
				TargetAttributes = {
					F142512A1EC6A79D00480FAA = {
						CreatedOnToolsVersion = 8.3.2;
						ProvisioningStyle = Automatic;
					};
				};
			};
			buildConfigurationList = F14251261EC6A79D00480FAA /* Build configuration list for PBXProject "my janken" */;
			compatibilityVersion = "Xcode 3.2";
			developmentRegion = English;
			hasScannedForEncodings = 0;
			knownRegions = (
				en,
				Base,
			);
			mainGroup = F14251221EC6A79D00480FAA;
			productRefGroup = F142512C1EC6A79E00480FAA /* Products */;
			projectDirPath = "";
			projectRoot = "";
			targets = (
				F142512A1EC6A79D00480FAA /* my janken */,
			);
		};
/* End PBXProject section */

/* Begin PBXResourcesBuildPhase section */
		F14251291EC6A79D00480FAA /* Resources */ = {
			isa = PBXResourcesBuildPhase;
			buildActionMask = 2147483647;
			files = (
				F14251391EC6A79E00480FAA /* LaunchScreen.storyboard in Resources */,
				F14251361EC6A79E00480FAA /* Assets.xcassets in Resources */,
				F14251341EC6A79E00480FAA /* Main.storyboard in Resources */,
			);
			runOnlyForDeploymentPostprocessing = 0;
		};
/* End PBXResourcesBuildPhase section */

/* Begin PBXSourcesBuildPhase section */
		F14251271EC6A79D00480FAA /* Sources */ = {
			isa = PBXSourcesBuildPhase;
			buildActionMask = 2147483647;
			files = (
				F14251311EC6A79E00480FAA /* ViewController.swift in Sources */,
				F142512F1EC6A79E00480FAA /* AppDelegate.swift in Sources */,
			);
			runOnlyForDeploymentPostprocessing = 0;
		};
/* End PBXSourcesBuildPhase section */

/* Begin PBXVariantGroup section */
		F14251321EC6A79E00480FAA /* Main.storyboard */ = {
			isa = PBXVariantGroup;
			children = (
				F14251331EC6A79E00480FAA /* Base */,
			);
			name = Main.storyboard;
			sourceTree = "<group>";
		};
		F14251371EC6A79E00480FAA /* LaunchScreen.storyboard */ = {
			isa = PBXVariantGroup;
			children = (
				F14251381EC6A79E00480FAA /* Base */,
			);
			name = LaunchScreen.storyboard;
			sourceTree = "<group>";
		};
/* End PBXVariantGroup section */

/* Begin XCBuildConfiguration section */
		F142513B1EC6A79E00480FAA /* Debug */ = {
			isa = XCBuildConfiguration;
			buildSettings = {
				ALWAYS_SEARCH_USER_PATHS = NO;
				CLANG_ANALYZER_NONNULL = YES;
				CLANG_ANALYZER_NUMBER_OBJECT_CONVERSION = YES_AGGRESSIVE;
				CLANG_CXX_LANGUAGE_STANDARD = "gnu++0x";
				CLANG_CXX_LIBRARY = "libc++";
				CLANG_ENABLE_MODULES = YES;
				CLANG_ENABLE_OBJC_ARC = YES;
				CLANG_WARN_BOOL_CONVERSION = YES;
				CLANG_WARN_CONSTANT_CONVERSION = YES;
				CLANG_WARN_DIRECT_OBJC_ISA_USAGE = YES_ERROR;
				CLANG_WARN_DOCUMENTATION_COMMENTS = YES;
				CLANG_WARN_EMPTY_BODY = YES;
				CLANG_WARN_ENUM_CONVERSION = YES;
				CLANG_WARN_INFINITE_RECURSION = YES;
				CLANG_WARN_INT_CONVERSION = YES;
				CLANG_WARN_OBJC_ROOT_CLASS = YES_ERROR;
				CLANG_WARN_SUSPICIOUS_MOVE = YES;
				CLANG_WARN_UNREACHABLE_CODE = YES;
				CLANG_WARN__DUPLICATE_METHOD_MATCH = YES;
				"CODE_SIGN_IDENTITY[sdk=iphoneos*]" = "iPhone Developer";
				COPY_PHASE_STRIP = NO;
				DEBUG_INFORMATION_FORMAT = dwarf;
				ENABLE_STRICT_OBJC_MSGSEND = YES;
				ENABLE_TESTABILITY = YES;
				GCC_C_LANGUAGE_STANDARD = gnu99;
				GCC_DYNAMIC_NO_PIC = NO;
				GCC_NO_COMMON_BLOCKS = YES;
				GCC_OPTIMIZATION_LEVEL = 0;
				GCC_PREPROCESSOR_DEFINITIONS = (
					"DEBUG=1",
					"$(inherited)",
				);
				GCC_WARN_64_TO_32_BIT_CONVERSION = YES;
				GCC_WARN_ABOUT_RETURN_TYPE = YES_ERROR;
				GCC_WARN_UNDECLARED_SELECTOR = YES;
				GCC_WARN_UNINITIALIZED_AUTOS = YES_AGGRESSIVE;
				GCC_WARN_UNUSED_FUNCTION = YES;
				GCC_WARN_UNUSED_VARIABLE = YES;
				IPHONEOS_DEPLOYMENT_TARGET = 10.3;
				MTL_ENABLE_DEBUG_INFO = YES;
				ONLY_ACTIVE_ARCH = YES;
				SDKROOT = iphoneos;
				SWIFT_ACTIVE_COMPILATION_CONDITIONS = DEBUG;
				SWIFT_OPTIMIZATION_LEVEL = "-Onone";
				TARGETED_DEVICE_FAMILY = "1,2";
			};
			name = Debug;
		};
		F142513C1EC6A79E00480FAA /* Release */ = {
			isa = XCBuildConfiguration;
			buildSettings = {
				ALWAYS_SEARCH_USER_PATHS = NO;
				CLANG_ANALYZER_NONNULL = YES;
				CLANG_ANALYZER_NUMBER_OBJECT_CONVERSION = YES_AGGRESSIVE;
				CLANG_CXX_LANGUAGE_STANDARD = "gnu++0x";
				CLANG_CXX_LIBRARY = "libc++";
				CLANG_ENABLE_MODULES = YES;
				CLANG_ENABLE_OBJC_ARC = YES;
				CLANG_WARN_BOOL_CONVERSION = YES;
				CLANG_WARN_CONSTANT_CONVERSION = YES;
				CLANG_WARN_DIRECT_OBJC_ISA_USAGE = YES_ERROR;
				CLANG_WARN_DOCUMENTATION_COMMENTS = YES;
				CLANG_WARN_EMPTY_BODY = YES;
				CLANG_WARN_ENUM_CONVERSION = YES;
				CLANG_WARN_INFINITE_RECURSION = YES;
				CLANG_WARN_INT_CONVERSION = YES;
				CLANG_WARN_OBJC_ROOT_CLASS = YES_ERROR;
				CLANG_WARN_SUSPICIOUS_MOVE = YES;
				CLANG_WARN_UNREACHABLE_CODE = YES;
				CLANG_WARN__DUPLICATE_METHOD_MATCH = YES;
				"CODE_SIGN_IDENTITY[sdk=iphoneos*]" = "iPhone Developer";
				COPY_PHASE_STRIP = NO;
				DEBUG_INFORMATION_FORMAT = "dwarf-with-dsym";
				ENABLE_NS_ASSERTIONS = NO;
				ENABLE_STRICT_OBJC_MSGSEND = YES;
				GCC_C_LANGUAGE_STANDARD = gnu99;
				GCC_NO_COMMON_BLOCKS = YES;
				GCC_WARN_64_TO_32_BIT_CONVERSION = YES;
				GCC_WARN_ABOUT_RETURN_TYPE = YES_ERROR;
				GCC_WARN_UNDECLARED_SELECTOR = YES;
				GCC_WARN_UNINITIALIZED_AUTOS = YES_AGGRESSIVE;
				GCC_WARN_UNUSED_FUNCTION = YES;
				GCC_WARN_UNUSED_VARIABLE = YES;
				IPHONEOS_DEPLOYMENT_TARGET = 10.3;
				MTL_ENABLE_DEBUG_INFO = NO;
				SDKROOT = iphoneos;
				SWIFT_OPTIMIZATION_LEVEL = "-Owholemodule";
				TARGETED_DEVICE_FAMILY = "1,2";
				VALIDATE_PRODUCT = YES;
			};
			name = Release;
		};
		F142513E1EC6A79E00480FAA /* Debug */ = {
			isa = XCBuildConfiguration;
			buildSettings = {
				ASSETCATALOG_COMPILER_APPICON_NAME = AppIcon;
				INFOPLIST_FILE = "my janken/Info.plist";
				LD_RUNPATH_SEARCH_PATHS = "$(inherited) @executable_path/Frameworks";
				PRODUCT_BUNDLE_IDENTIFIER = "example.com.my-janken";
				PRODUCT_NAME = "$(TARGET_NAME)";
				SWIFT_VERSION = 3.0;
			};
			name = Debug;
		};
		F142513F1EC6A79E00480FAA /* Release */ = {
			isa = XCBuildConfiguration;
			buildSettings = {
				ASSETCATALOG_COMPILER_APPICON_NAME = AppIcon;
				INFOPLIST_FILE = "my janken/Info.plist";
				LD_RUNPATH_SEARCH_PATHS = "$(inherited) @executable_path/Frameworks";
				PRODUCT_BUNDLE_IDENTIFIER = "example.com.my-janken";
				PRODUCT_NAME = "$(TARGET_NAME)";
				SWIFT_VERSION = 3.0;
			};
			name = Release;
		};
/* End XCBuildConfiguration section */

/* Begin XCConfigurationList section */
		F14251261EC6A79D00480FAA /* Build configuration list for PBXProject "my janken" */ = {
			isa = XCConfigurationList;
			buildConfigurations = (
				F142513B1EC6A79E00480FAA /* Debug */,
				F142513C1EC6A79E00480FAA /* Release */,
			);
			defaultConfigurationIsVisible = 0;
			defaultConfigurationName = Release;
		};
		F142513D1EC6A79E00480FAA /* Build configuration list for PBXNativeTarget "my janken" */ = {
			isa = XCConfigurationList;
			buildConfigurations = (
				F142513E1EC6A79E00480FAA /* Debug */,
				F142513F1EC6A79E00480FAA /* Release */,
			);
			defaultConfigurationIsVisible = 0;
		};
/* End XCConfigurationList section */
	};
	rootObject = F14251231EC6A79D00480FAA /* Project object */;
}
